// !$*UTF8*$!
{
	archiveVersion = 1;
	classes = {
	};
	objectVersion = 46;
	objects = {

/* Begin PBXBuildFile section */
		DBFC1F771C0DCBDF00D0642B /* AppDelegate.swift in Sources */ = {isa = PBXBuildFile; fileRef = DBFC1F761C0DCBDF00D0642B /* AppDelegate.swift */; };
		DBFC1F7C1C0DCBDF00D0642B /* Main.storyboard in Resources */ = {isa = PBXBuildFile; fileRef = DBFC1F7A1C0DCBDF00D0642B /* Main.storyboard */; };
		DBFC1F7E1C0DCBDF00D0642B /* Assets.xcassets in Resources */ = {isa = PBXBuildFile; fileRef = DBFC1F7D1C0DCBDF00D0642B /* Assets.xcassets */; };
		DBFC1F811C0DCBDF00D0642B /* LaunchScreen.storyboard in Resources */ = {isa = PBXBuildFile; fileRef = DBFC1F7F1C0DCBDF00D0642B /* LaunchScreen.storyboard */; };
		DBFC1F8C1C0DCBDF00D0642B /* MvvmSampleTests.swift in Sources */ = {isa = PBXBuildFile; fileRef = DBFC1F8B1C0DCBDF00D0642B /* MvvmSampleTests.swift */; };
		DBFC1F971C0DCBE000D0642B /* MvvmSampleUITests.swift in Sources */ = {isa = PBXBuildFile; fileRef = DBFC1F961C0DCBE000D0642B /* MvvmSampleUITests.swift */; };
		DBFC1FA51C0DCECB00D0642B /* Bond.framework in Frameworks */ = {isa = PBXBuildFile; fileRef = DBFC1FA41C0DCECB00D0642B /* Bond.framework */; };
		DBFC1FA61C0DCECB00D0642B /* Bond.framework in Embed Frameworks */ = {isa = PBXBuildFile; fileRef = DBFC1FA41C0DCECB00D0642B /* Bond.framework */; settings = {ATTRIBUTES = (CodeSignOnCopy, RemoveHeadersOnCopy, ); }; };
		DBFC1FE71C10626300D0642B /* HomeViewController.swift in Sources */ = {isa = PBXBuildFile; fileRef = DBFC1FE61C10626300D0642B /* HomeViewController.swift */; };
		DBFC1FE91C10627B00D0642B /* HomeViewModel.swift in Sources */ = {isa = PBXBuildFile; fileRef = DBFC1FE81C10627B00D0642B /* HomeViewModel.swift */; };
/* End PBXBuildFile section */

/* Begin PBXContainerItemProxy section */
		DBFC1F881C0DCBDF00D0642B /* PBXContainerItemProxy */ = {
			isa = PBXContainerItemProxy;
			containerPortal = DBFC1F6B1C0DCBDF00D0642B /* Project object */;
			proxyType = 1;
			remoteGlobalIDString = DBFC1F721C0DCBDF00D0642B;
			remoteInfo = MvvmSample;
		};
		DBFC1F931C0DCBDF00D0642B /* PBXContainerItemProxy */ = {
			isa = PBXContainerItemProxy;
			containerPortal = DBFC1F6B1C0DCBDF00D0642B /* Project object */;
			proxyType = 1;
			remoteGlobalIDString = DBFC1F721C0DCBDF00D0642B;
			remoteInfo = MvvmSample;
		};
/* End PBXContainerItemProxy section */

/* Begin PBXCopyFilesBuildPhase section */
		DBFC1FA71C0DCECB00D0642B /* Embed Frameworks */ = {
			isa = PBXCopyFilesBuildPhase;
			buildActionMask = 2147483647;
			dstPath = "";
			dstSubfolderSpec = 10;
			files = (
				DBFC1FA61C0DCECB00D0642B /* Bond.framework in Embed Frameworks */,
			);
			name = "Embed Frameworks";
			runOnlyForDeploymentPostprocessing = 0;
		};
/* End PBXCopyFilesBuildPhase section */

/* Begin PBXFileReference section */
		DBFC1F731C0DCBDF00D0642B /* MvvmSample.app */ = {isa = PBXFileReference; explicitFileType = wrapper.application; includeInIndex = 0; path = MvvmSample.app; sourceTree = BUILT_PRODUCTS_DIR; };
		DBFC1F761C0DCBDF00D0642B /* AppDelegate.swift */ = {isa = PBXFileReference; lastKnownFileType = sourcecode.swift; path = AppDelegate.swift; sourceTree = "<group>"; };
		DBFC1F7B1C0DCBDF00D0642B /* Base */ = {isa = PBXFileReference; lastKnownFileType = file.storyboard; name = Base; path = Base.lproj/Main.storyboard; sourceTree = "<group>"; };
		DBFC1F7D1C0DCBDF00D0642B /* Assets.xcassets */ = {isa = PBXFileReference; lastKnownFileType = folder.assetcatalog; path = Assets.xcassets; sourceTree = "<group>"; };
		DBFC1F801C0DCBDF00D0642B /* Base */ = {isa = PBXFileReference; lastKnownFileType = file.storyboard; name = Base; path = Base.lproj/LaunchScreen.storyboard; sourceTree = "<group>"; };
		DBFC1F821C0DCBDF00D0642B /* Info.plist */ = {isa = PBXFileReference; lastKnownFileType = text.plist.xml; path = Info.plist; sourceTree = "<group>"; };
		DBFC1F871C0DCBDF00D0642B /* MvvmSampleTests.xctest */ = {isa = PBXFileReference; explicitFileType = wrapper.cfbundle; includeInIndex = 0; path = MvvmSampleTests.xctest; sourceTree = BUILT_PRODUCTS_DIR; };
		DBFC1F8B1C0DCBDF00D0642B /* MvvmSampleTests.swift */ = {isa = PBXFileReference; lastKnownFileType = sourcecode.swift; path = MvvmSampleTests.swift; sourceTree = "<group>"; };
		DBFC1F8D1C0DCBDF00D0642B /* Info.plist */ = {isa = PBXFileReference; lastKnownFileType = text.plist.xml; path = Info.plist; sourceTree = "<group>"; };
		DBFC1F921C0DCBDF00D0642B /* MvvmSampleUITests.xctest */ = {isa = PBXFileReference; explicitFileType = wrapper.cfbundle; includeInIndex = 0; path = MvvmSampleUITests.xctest; sourceTree = BUILT_PRODUCTS_DIR; };
		DBFC1F961C0DCBE000D0642B /* MvvmSampleUITests.swift */ = {isa = PBXFileReference; lastKnownFileType = sourcecode.swift; path = MvvmSampleUITests.swift; sourceTree = "<group>"; };
		DBFC1F981C0DCBE000D0642B /* Info.plist */ = {isa = PBXFileReference; lastKnownFileType = text.plist.xml; path = Info.plist; sourceTree = "<group>"; };
		DBFC1FA41C0DCECB00D0642B /* Bond.framework */ = {isa = PBXFileReference; lastKnownFileType = wrapper.framework; name = Bond.framework; path = Carthage/Build/iOS/Bond.framework; sourceTree = "<group>"; };
		DBFC1FE61C10626300D0642B /* HomeViewController.swift */ = {isa = PBXFileReference; fileEncoding = 4; lastKnownFileType = sourcecode.swift; path = HomeViewController.swift; sourceTree = "<group>"; };
		DBFC1FE81C10627B00D0642B /* HomeViewModel.swift */ = {isa = PBXFileReference; fileEncoding = 4; lastKnownFileType = sourcecode.swift; path = HomeViewModel.swift; sourceTree = "<group>"; };
/* End PBXFileReference section */

/* Begin PBXFrameworksBuildPhase section */
		DBFC1F701C0DCBDF00D0642B /* Frameworks */ = {
			isa = PBXFrameworksBuildPhase;
			buildActionMask = 2147483647;
			files = (
				DBFC1FA51C0DCECB00D0642B /* Bond.framework in Frameworks */,
			);
			runOnlyForDeploymentPostprocessing = 0;
		};
		DBFC1F841C0DCBDF00D0642B /* Frameworks */ = {
			isa = PBXFrameworksBuildPhase;
			buildActionMask = 2147483647;
			files = (
			);
			runOnlyForDeploymentPostprocessing = 0;
		};
		DBFC1F8F1C0DCBDF00D0642B /* Frameworks */ = {
			isa = PBXFrameworksBuildPhase;
			buildActionMask = 2147483647;
			files = (
			);
			runOnlyForDeploymentPostprocessing = 0;
		};
/* End PBXFrameworksBuildPhase section */

/* Begin PBXGroup section */
		DBFC1F6A1C0DCBDF00D0642B = {
			isa = PBXGroup;
			children = (
				DBFC1FA41C0DCECB00D0642B /* Bond.framework */,
				DBFC1F751C0DCBDF00D0642B /* MvvmSample */,
				DBFC1F8A1C0DCBDF00D0642B /* MvvmSampleTests */,
				DBFC1F951C0DCBE000D0642B /* MvvmSampleUITests */,
				DBFC1F741C0DCBDF00D0642B /* Products */,
			);
			sourceTree = "<group>";
		};
		DBFC1F741C0DCBDF00D0642B /* Products */ = {
			isa = PBXGroup;
			children = (
				DBFC1F731C0DCBDF00D0642B /* MvvmSample.app */,
				DBFC1F871C0DCBDF00D0642B /* MvvmSampleTests.xctest */,
				DBFC1F921C0DCBDF00D0642B /* MvvmSampleUITests.xctest */,
			);
			name = Products;
			sourceTree = "<group>";
		};
		DBFC1F751C0DCBDF00D0642B /* MvvmSample */ = {
			isa = PBXGroup;
			children = (
				DBFC1FE51C10624500D0642B /* ViewController */,
				DBFC1FE41C1061D000D0642B /* Model */,
				DBFC1FE31C1061C700D0642B /* View */,
				DBFC1FE21C1061BC00D0642B /* ViewModel */,
				DBFC1F761C0DCBDF00D0642B /* AppDelegate.swift */,
				DBFC1F7A1C0DCBDF00D0642B /* Main.storyboard */,
				DBFC1F7D1C0DCBDF00D0642B /* Assets.xcassets */,
				DBFC1F7F1C0DCBDF00D0642B /* LaunchScreen.storyboard */,
				DBFC1F821C0DCBDF00D0642B /* Info.plist */,
			);
			path = MvvmSample;
			sourceTree = "<group>";
		};
		DBFC1F8A1C0DCBDF00D0642B /* MvvmSampleTests */ = {
			isa = PBXGroup;
			children = (
				DBFC1F8B1C0DCBDF00D0642B /* MvvmSampleTests.swift */,
				DBFC1F8D1C0DCBDF00D0642B /* Info.plist */,
			);
			path = MvvmSampleTests;
			sourceTree = "<group>";
		};
		DBFC1F951C0DCBE000D0642B /* MvvmSampleUITests */ = {
			isa = PBXGroup;
			children = (
				DBFC1F961C0DCBE000D0642B /* MvvmSampleUITests.swift */,
				DBFC1F981C0DCBE000D0642B /* Info.plist */,
			);
			path = MvvmSampleUITests;
			sourceTree = "<group>";
		};
		DBFC1FE21C1061BC00D0642B /* ViewModel */ = {
			isa = PBXGroup;
			children = (
				DBFC1FE81C10627B00D0642B /* HomeViewModel.swift */,
			);
			name = ViewModel;
			sourceTree = "<group>";
		};
		DBFC1FE31C1061C700D0642B /* View */ = {
			isa = PBXGroup;
			children = (
			);
			name = View;
			sourceTree = "<group>";
		};
		DBFC1FE41C1061D000D0642B /* Model */ = {
			isa = PBXGroup;
			children = (
			);
			name = Model;
			sourceTree = "<group>";
		};
		DBFC1FE51C10624500D0642B /* ViewController */ = {
			isa = PBXGroup;
			children = (
				DBFC1FE61C10626300D0642B /* HomeViewController.swift */,
			);
			name = ViewController;
			sourceTree = "<group>";
		};
/* End PBXGroup section */

/* Begin PBXNativeTarget section */
		DBFC1F721C0DCBDF00D0642B /* MvvmSample */ = {
			isa = PBXNativeTarget;
			buildConfigurationList = DBFC1F9B1C0DCBE000D0642B /* Build configuration list for PBXNativeTarget "MvvmSample" */;
			buildPhases = (
				DBFC1F6F1C0DCBDF00D0642B /* Sources */,
				DBFC1F701C0DCBDF00D0642B /* Frameworks */,
				DBFC1F711C0DCBDF00D0642B /* Resources */,
				DBFC1FA71C0DCECB00D0642B /* Embed Frameworks */,
			);
			buildRules = (
			);
			dependencies = (
			);
			name = MvvmSample;
			productName = MvvmSample;
			productReference = DBFC1F731C0DCBDF00D0642B /* MvvmSample.app */;
			productType = "com.apple.product-type.application";
		};
		DBFC1F861C0DCBDF00D0642B /* MvvmSampleTests */ = {
			isa = PBXNativeTarget;
			buildConfigurationList = DBFC1F9E1C0DCBE000D0642B /* Build configuration list for PBXNativeTarget "MvvmSampleTests" */;
			buildPhases = (
				DBFC1F831C0DCBDF00D0642B /* Sources */,
				DBFC1F841C0DCBDF00D0642B /* Frameworks */,
				DBFC1F851C0DCBDF00D0642B /* Resources */,
			);
			buildRules = (
			);
			dependencies = (
				DBFC1F891C0DCBDF00D0642B /* PBXTargetDependency */,
			);
			name = MvvmSampleTests;
			productName = MvvmSampleTests;
			productReference = DBFC1F871C0DCBDF00D0642B /* MvvmSampleTests.xctest */;
			productType = "com.apple.product-type.bundle.unit-test";
		};
		DBFC1F911C0DCBDF00D0642B /* MvvmSampleUITests */ = {
			isa = PBXNativeTarget;
			buildConfigurationList = DBFC1FA11C0DCBE000D0642B /* Build configuration list for PBXNativeTarget "MvvmSampleUITests" */;
			buildPhases = (
				DBFC1F8E1C0DCBDF00D0642B /* Sources */,
				DBFC1F8F1C0DCBDF00D0642B /* Frameworks */,
				DBFC1F901C0DCBDF00D0642B /* Resources */,
			);
			buildRules = (
			);
			dependencies = (
				DBFC1F941C0DCBDF00D0642B /* PBXTargetDependency */,
			);
			name = MvvmSampleUITests;
			productName = MvvmSampleUITests;
			productReference = DBFC1F921C0DCBDF00D0642B /* MvvmSampleUITests.xctest */;
			productType = "com.apple.product-type.bundle.ui-testing";
		};
/* End PBXNativeTarget section */

/* Begin PBXProject section */
		DBFC1F6B1C0DCBDF00D0642B /* Project object */ = {
			isa = PBXProject;
			attributes = {
				LastSwiftUpdateCheck = 0710;
				LastUpgradeCheck = 0710;
				ORGANIZATIONNAME = HanedaKentarou;
				TargetAttributes = {
					DBFC1F721C0DCBDF00D0642B = {
						CreatedOnToolsVersion = 7.1;
					};
					DBFC1F861C0DCBDF00D0642B = {
						CreatedOnToolsVersion = 7.1;
						TestTargetID = DBFC1F721C0DCBDF00D0642B;
					};
					DBFC1F911C0DCBDF00D0642B = {
						CreatedOnToolsVersion = 7.1;
						TestTargetID = DBFC1F721C0DCBDF00D0642B;
					};
				};
			};
			buildConfigurationList = DBFC1F6E1C0DCBDF00D0642B /* Build configuration list for PBXProject "MvvmSample" */;
			compatibilityVersion = "Xcode 3.2";
			developmentRegion = English;
			hasScannedForEncodings = 0;
			knownRegions = (
				en,
				Base,
			);
			mainGroup = DBFC1F6A1C0DCBDF00D0642B;
			productRefGroup = DBFC1F741C0DCBDF00D0642B /* Products */;
			projectDirPath = "";
			projectRoot = "";
			targets = (
				DBFC1F721C0DCBDF00D0642B /* MvvmSample */,
				DBFC1F861C0DCBDF00D0642B /* MvvmSampleTests */,
				DBFC1F911C0DCBDF00D0642B /* MvvmSampleUITests */,
			);
		};
/* End PBXProject section */

/* Begin PBXResourcesBuildPhase section */
		DBFC1F711C0DCBDF00D0642B /* Resources */ = {
			isa = PBXResourcesBuildPhase;
			buildActionMask = 2147483647;
			files = (
				DBFC1F811C0DCBDF00D0642B /* LaunchScreen.storyboard in Resources */,
				DBFC1F7E1C0DCBDF00D0642B /* Assets.xcassets in Resources */,
				DBFC1F7C1C0DCBDF00D0642B /* Main.storyboard in Resources */,
			);
			runOnlyForDeploymentPostprocessing = 0;
		};
		DBFC1F851C0DCBDF00D0642B /* Resources */ = {
			isa = PBXResourcesBuildPhase;
			buildActionMask = 2147483647;
			files = (
			);
			runOnlyForDeploymentPostprocessing = 0;
		};
		DBFC1F901C0DCBDF00D0642B /* Resources */ = {
			isa = PBXResourcesBuildPhase;
			buildActionMask = 2147483647;
			files = (
			);
			runOnlyForDeploymentPostprocessing = 0;
		};
/* End PBXResourcesBuildPhase section */

/* Begin PBXSourcesBuildPhase section */
		DBFC1F6F1C0DCBDF00D0642B /* Sources */ = {
			isa = PBXSourcesBuildPhase;
			buildActionMask = 2147483647;
			files = (
				DBFC1F771C0DCBDF00D0642B /* AppDelegate.swift in Sources */,
				DBFC1FE71C10626300D0642B /* HomeViewController.swift in Sources */,
				DBFC1FE91C10627B00D0642B /* HomeViewModel.swift in Sources */,
			);
			runOnlyForDeploymentPostprocessing = 0;
		};
		DBFC1F831C0DCBDF00D0642B /* Sources */ = {
			isa = PBXSourcesBuildPhase;
			buildActionMask = 2147483647;
			files = (
				DBFC1F8C1C0DCBDF00D0642B /* MvvmSampleTests.swift in Sources */,
			);
			runOnlyForDeploymentPostprocessing = 0;
		};
		DBFC1F8E1C0DCBDF00D0642B /* Sources */ = {
			isa = PBXSourcesBuildPhase;
			buildActionMask = 2147483647;
			files = (
				DBFC1F971C0DCBE000D0642B /* MvvmSampleUITests.swift in Sources */,
			);
			runOnlyForDeploymentPostprocessing = 0;
		};
/* End PBXSourcesBuildPhase section */

/* Begin PBXTargetDependency section */
		DBFC1F891C0DCBDF00D0642B /* PBXTargetDependency */ = {
			isa = PBXTargetDependency;
			target = DBFC1F721C0DCBDF00D0642B /* MvvmSample */;
			targetProxy = DBFC1F881C0DCBDF00D0642B /* PBXContainerItemProxy */;
		};
		DBFC1F941C0DCBDF00D0642B /* PBXTargetDependency */ = {
			isa = PBXTargetDependency;
			target = DBFC1F721C0DCBDF00D0642B /* MvvmSample */;
			targetProxy = DBFC1F931C0DCBDF00D0642B /* PBXContainerItemProxy */;
		};
/* End PBXTargetDependency section */

/* Begin PBXVariantGroup section */
		DBFC1F7A1C0DCBDF00D0642B /* Main.storyboard */ = {
			isa = PBXVariantGroup;
			children = (
				DBFC1F7B1C0DCBDF00D0642B /* Base */,
			);
			name = Main.storyboard;
			sourceTree = "<group>";
		};
		DBFC1F7F1C0DCBDF00D0642B /* LaunchScreen.storyboard */ = {
			isa = PBXVariantGroup;
			children = (
				DBFC1F801C0DCBDF00D0642B /* Base */,
			);
			name = LaunchScreen.storyboard;
			sourceTree = "<group>";
		};
/* End PBXVariantGroup section */

/* Begin XCBuildConfiguration section */
		DBFC1F991C0DCBE000D0642B /* Debug */ = {
			isa = XCBuildConfiguration;
			buildSettings = {
				ALWAYS_SEARCH_USER_PATHS = NO;
				CLANG_CXX_LANGUAGE_STANDARD = "gnu++0x";
				CLANG_CXX_LIBRARY = "libc++";
				CLANG_ENABLE_MODULES = YES;
				CLANG_ENABLE_OBJC_ARC = YES;
				CLANG_WARN_BOOL_CONVERSION = YES;
				CLANG_WARN_CONSTANT_CONVERSION = YES;
				CLANG_WARN_DIRECT_OBJC_ISA_USAGE = YES_ERROR;
				CLANG_WARN_EMPTY_BODY = YES;
				CLANG_WARN_ENUM_CONVERSION = YES;
				CLANG_WARN_INT_CONVERSION = YES;
				CLANG_WARN_OBJC_ROOT_CLASS = YES_ERROR;
				CLANG_WARN_UNREACHABLE_CODE = YES;
				CLANG_WARN__DUPLICATE_METHOD_MATCH = YES;
				"CODE_SIGN_IDENTITY[sdk=iphoneos*]" = "iPhone Developer";
				COPY_PHASE_STRIP = NO;
				DEBUG_INFORMATION_FORMAT = dwarf;
				ENABLE_STRICT_OBJC_MSGSEND = YES;
				ENABLE_TESTABILITY = YES;
				GCC_C_LANGUAGE_STANDARD = gnu99;
				GCC_DYNAMIC_NO_PIC = NO;
				GCC_NO_COMMON_BLOCKS = YES;
				GCC_OPTIMIZATION_LEVEL = 0;
				GCC_PREPROCESSOR_DEFINITIONS = (
					"DEBUG=1",
					"$(inherited)",
				);
				GCC_WARN_64_TO_32_BIT_CONVERSION = YES;
				GCC_WARN_ABOUT_RETURN_TYPE = YES_ERROR;
				GCC_WARN_UNDECLARED_SELECTOR = YES;
				GCC_WARN_UNINITIALIZED_AUTOS = YES_AGGRESSIVE;
				GCC_WARN_UNUSED_FUNCTION = YES;
				GCC_WARN_UNUSED_VARIABLE = YES;
				IPHONEOS_DEPLOYMENT_TARGET = 9.1;
				MTL_ENABLE_DEBUG_INFO = YES;
				ONLY_ACTIVE_ARCH = YES;
				SDKROOT = iphoneos;
				SWIFT_OPTIMIZATION_LEVEL = "-Onone";
				TARGETED_DEVICE_FAMILY = "1,2";
			};
			name = Debug;
		};
		DBFC1F9A1C0DCBE000D0642B /* Release */ = {
			isa = XCBuildConfiguration;
			buildSettings = {
				ALWAYS_SEARCH_USER_PATHS = NO;
				CLANG_CXX_LANGUAGE_STANDARD = "gnu++0x";
				CLANG_CXX_LIBRARY = "libc++";
				CLANG_ENABLE_MODULES = YES;
				CLANG_ENABLE_OBJC_ARC = YES;
				CLANG_WARN_BOOL_CONVERSION = YES;
				CLANG_WARN_CONSTANT_CONVERSION = YES;
				CLANG_WARN_DIRECT_OBJC_ISA_USAGE = YES_ERROR;
				CLANG_WARN_EMPTY_BODY = YES;
				CLANG_WARN_ENUM_CONVERSION = YES;
				CLANG_WARN_INT_CONVERSION = YES;
				CLANG_WARN_OBJC_ROOT_CLASS = YES_ERROR;
				CLANG_WARN_UNREACHABLE_CODE = YES;
				CLANG_WARN__DUPLICATE_METHOD_MATCH = YES;
				"CODE_SIGN_IDENTITY[sdk=iphoneos*]" = "iPhone Developer";
				COPY_PHASE_STRIP = NO;
				DEBUG_INFORMATION_FORMAT = "dwarf-with-dsym";
				ENABLE_NS_ASSERTIONS = NO;
				ENABLE_STRICT_OBJC_MSGSEND = YES;
				GCC_C_LANGUAGE_STANDARD = gnu99;
				GCC_NO_COMMON_BLOCKS = YES;
				GCC_WARN_64_TO_32_BIT_CONVERSION = YES;
				GCC_WARN_ABOUT_RETURN_TYPE = YES_ERROR;
				GCC_WARN_UNDECLARED_SELECTOR = YES;
				GCC_WARN_UNINITIALIZED_AUTOS = YES_AGGRESSIVE;
				GCC_WARN_UNUSED_FUNCTION = YES;
				GCC_WARN_UNUSED_VARIABLE = YES;
				IPHONEOS_DEPLOYMENT_TARGET = 9.1;
				MTL_ENABLE_DEBUG_INFO = NO;
				SDKROOT = iphoneos;
				TARGETED_DEVICE_FAMILY = "1,2";
				VALIDATE_PRODUCT = YES;
			};
			name = Release;
		};
		DBFC1F9C1C0DCBE000D0642B /* Debug */ = {
			isa = XCBuildConfiguration;
			buildSettings = {
				ASSETCATALOG_COMPILER_APPICON_NAME = AppIcon;
				FRAMEWORK_SEARCH_PATHS = (
					"$(inherited)",
					"$(PROJECT_DIR)/Carthage/Build/iOS",
				);
				INFOPLIST_FILE = MvvmSample/Info.plist;
				LD_RUNPATH_SEARCH_PATHS = "$(inherited) @executable_path/Frameworks";
				PRODUCT_BUNDLE_IDENTIFIER = me.jumbo.MvvmSample;
				PRODUCT_NAME = "$(TARGET_NAME)";
			};
			name = Debug;
		};
		DBFC1F9D1C0DCBE000D0642B /* Release */ = {
			isa = XCBuildConfiguration;
			buildSettings = {
				ASSETCATALOG_COMPILER_APPICON_NAME = AppIcon;
				FRAMEWORK_SEARCH_PATHS = (
					"$(inherited)",
					"$(PROJECT_DIR)/Carthage/Build/iOS",
				);
				INFOPLIST_FILE = MvvmSample/Info.plist;
				LD_RUNPATH_SEARCH_PATHS = "$(inherited) @executable_path/Frameworks";
				PRODUCT_BUNDLE_IDENTIFIER = me.jumbo.MvvmSample;
				PRODUCT_NAME = "$(TARGET_NAME)";
			};
			name = Release;
		};
		DBFC1F9F1C0DCBE000D0642B /* Debug */ = {
			isa = XCBuildConfiguration;
			buildSettings = {
				BUNDLE_LOADER = "$(TEST_HOST)";
				INFOPLIST_FILE = MvvmSampleTests/Info.plist;
				LD_RUNPATH_SEARCH_PATHS = "$(inherited) @executable_path/Frameworks @loader_path/Frameworks";
				PRODUCT_BUNDLE_IDENTIFIER = me.jumbo.MvvmSampleTests;
				PRODUCT_NAME = "$(TARGET_NAME)";
				TEST_HOST = "$(BUILT_PRODUCTS_DIR)/MvvmSample.app/MvvmSample";
			};
			name = Debug;
		};
		DBFC1FA01C0DCBE000D0642B /* Release */ = {
			isa = XCBuildConfiguration;
			buildSettings = {
				BUNDLE_LOADER = "$(TEST_HOST)";
				INFOPLIST_FILE = MvvmSampleTests/Info.plist;
				LD_RUNPATH_SEARCH_PATHS = "$(inherited) @executable_path/Frameworks @loader_path/Frameworks";
				PRODUCT_BUNDLE_IDENTIFIER = me.jumbo.MvvmSampleTests;
				PRODUCT_NAME = "$(TARGET_NAME)";
				TEST_HOST = "$(BUILT_PRODUCTS_DIR)/MvvmSample.app/MvvmSample";
			};
			name = Release;
		};
		DBFC1FA21C0DCBE000D0642B /* Debug */ = {
			isa = XCBuildConfiguration;
			buildSettings = {
				INFOPLIST_FILE = MvvmSampleUITests/Info.plist;
				LD_RUNPATH_SEARCH_PATHS = "$(inherited) @executable_path/Frameworks @loader_path/Frameworks";
				PRODUCT_BUNDLE_IDENTIFIER = me.jumbo.MvvmSampleUITests;
				PRODUCT_NAME = "$(TARGET_NAME)";
				TEST_TARGET_NAME = MvvmSample;
				USES_XCTRUNNER = YES;
			};
			name = Debug;
		};
		DBFC1FA31C0DCBE000D0642B /* Release */ = {
			isa = XCBuildConfiguration;
			buildSettings = {
				INFOPLIST_FILE = MvvmSampleUITests/Info.plist;
				LD_RUNPATH_SEARCH_PATHS = "$(inherited) @executable_path/Frameworks @loader_path/Frameworks";
				PRODUCT_BUNDLE_IDENTIFIER = me.jumbo.MvvmSampleUITests;
				PRODUCT_NAME = "$(TARGET_NAME)";
				TEST_TARGET_NAME = MvvmSample;
				USES_XCTRUNNER = YES;
			};
			name = Release;
		};
/* End XCBuildConfiguration section */

/* Begin XCConfigurationList section */
		DBFC1F6E1C0DCBDF00D0642B /* Build configuration list for PBXProject "MvvmSample" */ = {
			isa = XCConfigurationList;
			buildConfigurations = (
				DBFC1F991C0DCBE000D0642B /* Debug */,
				DBFC1F9A1C0DCBE000D0642B /* Release */,
			);
			defaultConfigurationIsVisible = 0;
			defaultConfigurationName = Release;
		};
		DBFC1F9B1C0DCBE000D0642B /* Build configuration list for PBXNativeTarget "MvvmSample" */ = {
			isa = XCConfigurationList;
			buildConfigurations = (
				DBFC1F9C1C0DCBE000D0642B /* Debug */,
				DBFC1F9D1C0DCBE000D0642B /* Release */,
			);
			defaultConfigurationIsVisible = 0;
			defaultConfigurationName = Release;
		};
		DBFC1F9E1C0DCBE000D0642B /* Build configuration list for PBXNativeTarget "MvvmSampleTests" */ = {
			isa = XCConfigurationList;
			buildConfigurations = (
				DBFC1F9F1C0DCBE000D0642B /* Debug */,
				DBFC1FA01C0DCBE000D0642B /* Release */,
			);
			defaultConfigurationIsVisible = 0;
			defaultConfigurationName = Release;
		};
		DBFC1FA11C0DCBE000D0642B /* Build configuration list for PBXNativeTarget "MvvmSampleUITests" */ = {
			isa = XCConfigurationList;
			buildConfigurations = (
				DBFC1FA21C0DCBE000D0642B /* Debug */,
				DBFC1FA31C0DCBE000D0642B /* Release */,
			);
			defaultConfigurationIsVisible = 0;
			defaultConfigurationName = Release;
		};
/* End XCConfigurationList section */
	};
	rootObject = DBFC1F6B1C0DCBDF00D0642B /* Project object */;
}
